{
  "name": "sui-dca",
  "version": "1.0.0",
  "lockfileVersion": 3,
  "requires": true,
  "packages": {
    "": {
      "name": "sui-dca",
      "version": "1.0.0",
      "license": "ISC",
      "devDependencies": {
        "@mysten/prettier-plugin-move": "^0.3.4",
        "prettier": "^3.8.0"
      }
    },
    "node_modules/@mysten/prettier-plugin-move": {
      "version": "0.3.4",
      "resolved": "https://registry.npmjs.org/@mysten/prettier-plugin-move/-/prettier-plugin-move-0.3.4.tgz",
      "integrity": "sha512-WwL00Kijf1iFCoagEIDgKcFQ7uTASS/zTc9fgXr9oiV1nTxufMA1V8SqcU4c6cXy+YKbsvP7Nf2cErFrxfd+qw==",
      "dev": true,
      "license": "Apache-2.0",
      "dependencies": {
        "prettier": "^3.3.2",
        "web-tree-sitter": "^0.20.8"
      },
      "bin": {
        "prettier-move": "bin/prettier-move.js"
      }
    },
    "node_modules/prettier": {
      "version": "3.8.0",
      "resolved": "https://registry.npmjs.org/prettier/-/prettier-3.8.0.tgz",
      "integrity": "sha512-yEPsovQfpxYfgWNhCfECjG5AQaO+K3dp6XERmOepyPDVqcJm+bjyCVO3pmU+nAPe0N5dDvekfGezt/EIiRe1TA==",
      "dev": true,
      "license": "MIT",
      "bin": {
        "prettier": "bin/prettier.cjs"
      },
      "engines": {
        "node": ">=14"
      },
      "funding": {
        "url": "https://github.com/prettier/prettier?sponsor=1"
      }
    },
    "node_modules/web-tree-sitter": {
      "version": "0.20.8",
      "resolved": "https://registry.npmjs.org/web-tree-sitter/-/web-tree-sitter-0.20.8.tgz",
      "integrity": "sha512-weOVgZ3aAARgdnb220GqYuh7+rZU0Ka9k9yfKtGAzEYMa6GgiCzW9JjQRJyCJakvibQW+dfjJdihjInKuuCAUQ==",
      "dev": true,
      "license": "MIT"
    }
  }
}
