# This file is generated by running "yarn install" inside your project.
# Manual changes might be lost - proceed with caution!

__metadata:
  version: 8
  cacheKey: 10c0

"@0no-co/graphql.web@npm:^1.0.5":
  version: 1.2.0
  resolution: "@0no-co/graphql.web@npm:1.2.0"
  peerDependencies:
    graphql: ^14.0.0 || ^15.0.0 || ^16.0.0
  peerDependenciesMeta:
    graphql:
      optional: true
  checksum: 10c0/4eed600962bfab42afb49cddcfb31a47b00502f59707609cf160559920ce0f5cf8874791e4cafc465ede30ae291992f3f892bc757b2a989e80e50e358f71c518
  languageName: node
  linkType: hard

"@0no-co/graphqlsp@npm:^1.12.13":
  version: 1.15.2
  resolution: "@0no-co/graphqlsp@npm:1.15.2"
  dependencies:
    "@gql.tada/internal": "npm:^1.0.0"
    graphql: "npm:^15.5.0 || ^16.0.0 || ^17.0.0"
  peerDependencies:
    graphql: ^15.5.0 || ^16.0.0 || ^17.0.0
    typescript: ^5.0.0
  checksum: 10c0/d5287d705e96f81e6e88d5435be6634701507570b69235dff4de8be9c91ad9c7a783ed114f8ac81964b79dfa847dd17d2e1f7e9486e717c43147974da5d0f015
  languageName: node
  linkType: hard

"@biomejs/biome@npm:^2.3.11":
  version: 2.3.11
  resolution: "@biomejs/biome@npm:2.3.11"
  dependencies:
    "@biomejs/cli-darwin-arm64": "npm:2.3.11"
    "@biomejs/cli-darwin-x64": "npm:2.3.11"
    "@biomejs/cli-linux-arm64": "npm:2.3.11"
    "@biomejs/cli-linux-arm64-musl": "npm:2.3.11"
    "@biomejs/cli-linux-x64": "npm:2.3.11"
    "@biomejs/cli-linux-x64-musl": "npm:2.3.11"
    "@biomejs/cli-win32-arm64": "npm:2.3.11"
    "@biomejs/cli-win32-x64": "npm:2.3.11"
  dependenciesMeta:
    "@biomejs/cli-darwin-arm64":
      optional: true
    "@biomejs/cli-darwin-x64":
      optional: true
    "@biomejs/cli-linux-arm64":
      optional: true
    "@biomejs/cli-linux-arm64-musl":
      optional: true
    "@biomejs/cli-linux-x64":
      optional: true
    "@biomejs/cli-linux-x64-musl":
      optional: true
    "@biomejs/cli-win32-arm64":
      optional: true
    "@biomejs/cli-win32-x64":
      optional: true
  bin:
    biome: bin/biome
  checksum: 10c0/b9764070c3d1583466a8861d37dc480c18103f7bb52115db0f265a38e6343d69792c9beea094e0b3db0905cb365b9a82ad2a0f3f05b7f04873a8f9b444263140
  languageName: node
  linkType: hard

"@biomejs/cli-darwin-arm64@npm:2.3.11":
  version: 2.3.11
  resolution: "@biomejs/cli-darwin-arm64@npm:2.3.11"
  conditions: os=darwin & cpu=arm64
  languageName: node
  linkType: hard

"@biomejs/cli-darwin-x64@npm:2.3.11":
  version: 2.3.11
  resolution: "@biomejs/cli-darwin-x64@npm:2.3.11"
  conditions: os=darwin & cpu=x64
  languageName: node
  linkType: hard

"@biomejs/cli-linux-arm64-musl@npm:2.3.11":
  version: 2.3.11
  resolution: "@biomejs/cli-linux-arm64-musl@npm:2.3.11"
  conditions: os=linux & cpu=arm64 & libc=musl
  languageName: node
  linkType: hard

"@biomejs/cli-linux-arm64@npm:2.3.11":
  version: 2.3.11
  resolution: "@biomejs/cli-linux-arm64@npm:2.3.11"
  conditions: os=linux & cpu=arm64 & libc=glibc
  languageName: node
  linkType: hard

"@biomejs/cli-linux-x64-musl@npm:2.3.11":
  version: 2.3.11
  resolution: "@biomejs/cli-linux-x64-musl@npm:2.3.11"
  conditions: os=linux & cpu=x64 & libc=musl
  languageName: node
  linkType: hard

"@biomejs/cli-linux-x64@npm:2.3.11":
  version: 2.3.11
  resolution: "@biomejs/cli-linux-x64@npm:2.3.11"
  conditions: os=linux & cpu=x64 & libc=glibc
  languageName: node
  linkType: hard

"@biomejs/cli-win32-arm64@npm:2.3.11":
  version: 2.3.11
  resolution: "@biomejs/cli-win32-arm64@npm:2.3.11"
  conditions: os=win32 & cpu=arm64
  languageName: node
  linkType: hard

"@biomejs/cli-win32-x64@npm:2.3.11":
  version: 2.3.11
  resolution: "@biomejs/cli-win32-x64@npm:2.3.11"
  conditions: os=win32 & cpu=x64
  languageName: node
  linkType: hard

"@gql.tada/cli-utils@npm:1.7.2":
  version: 1.7.2
  resolution: "@gql.tada/cli-utils@npm:1.7.2"
  dependencies:
    "@0no-co/graphqlsp": "npm:^1.12.13"
    "@gql.tada/internal": "npm:1.0.8"
    graphql: "npm:^15.5.0 || ^16.0.0 || ^17.0.0"
  peerDependencies:
    "@0no-co/graphqlsp": ^1.12.13
    "@gql.tada/svelte-support": 1.0.1
    "@gql.tada/vue-support": 1.0.1
    graphql: ^15.5.0 || ^16.0.0 || ^17.0.0
    typescript: ^5.0.0
  peerDependenciesMeta:
    "@gql.tada/svelte-support":
      optional: true
    "@gql.tada/vue-support":
      optional: true
  checksum: 10c0/a2fd21dc3c6b03bebc979881f7c3180f258d077f4c8119073ff3e436982174edb00c148f488c03cc5b34b57ecf3b6b771c8a127005e9d851bc8c74550fa0b742
  languageName: node
  linkType: hard

"@gql.tada/internal@npm:1.0.8, @gql.tada/internal@npm:^1.0.0":
  version: 1.0.8
  resolution: "@gql.tada/internal@npm:1.0.8"
  dependencies:
    "@0no-co/graphql.web": "npm:^1.0.5"
  peerDependencies:
    graphql: ^15.5.0 || ^16.0.0 || ^17.0.0
    typescript: ^5.0.0
  checksum: 10c0/dd9b34296160f7eb4374b1791dd9353fd4147f4d7e2a3a8e2974c2319dc6165a4458c19d9b517a3f7764da4e7a4401c099fdf1936841de02c0e565db95d64a5d
  languageName: node
  linkType: hard

"@graphql-typed-document-node/core@npm:^3.2.0":
  version: 3.2.0
  resolution: "@graphql-typed-document-node/core@npm:3.2.0"
  peerDependencies:
    graphql: ^0.8.0 || ^0.9.0 || ^0.10.0 || ^0.11.0 || ^0.12.0 || ^0.13.0 || ^14.0.0 || ^15.0.0 || ^16.0.0 || ^17.0.0
  checksum: 10c0/94e9d75c1f178bbae8d874f5a9361708a3350c8def7eaeb6920f2c820e82403b7d4f55b3735856d68e145e86c85cbfe2adc444fdc25519cd51f108697e99346c
  languageName: node
  linkType: hard

"@mysten/bcs@npm:1.9.2":
  version: 1.9.2
  resolution: "@mysten/bcs@npm:1.9.2"
  dependencies:
    "@mysten/utils": "npm:0.2.0"
    "@scure/base": "npm:^1.2.6"
  checksum: 10c0/121a5520f1945333cf34ed655e6d35e73d3ae8a07f415f0a511533e45b7850598ad0878284752a94df560c893e6f3150d64b67545189e9a52dae065d37610bba
  languageName: node
  linkType: hard

"@mysten/prettier-plugin-move@npm:^0.3.4":
  version: 0.3.4
  resolution: "@mysten/prettier-plugin-move@npm:0.3.4"
  dependencies:
    prettier: "npm:^3.3.2"
    web-tree-sitter: "npm:^0.20.8"
  bin:
    prettier-move: bin/prettier-move.js
  checksum: 10c0/d8a3766b1ac0a2c03927041733498a7d0da699ba4d9fecbbe05d5a103951af5a54d716d6371fccb6a5e07778b240c7956ec8af0d0579e016ad83987733c4de7e
  languageName: node
  linkType: hard

"@mysten/sui@npm:^1.0.0":
  version: 1.45.2
  resolution: "@mysten/sui@npm:1.45.2"
  dependencies:
    "@graphql-typed-document-node/core": "npm:^3.2.0"
    "@mysten/bcs": "npm:1.9.2"
    "@mysten/utils": "npm:0.2.0"
    "@noble/curves": "npm:=1.9.4"
    "@noble/hashes": "npm:^1.8.0"
    "@protobuf-ts/grpcweb-transport": "npm:^2.11.1"
    "@protobuf-ts/runtime": "npm:^2.11.1"
    "@protobuf-ts/runtime-rpc": "npm:^2.11.1"
    "@scure/base": "npm:^1.2.6"
    "@scure/bip32": "npm:^1.7.0"
    "@scure/bip39": "npm:^1.6.0"
    gql.tada: "npm:^1.8.13"
    graphql: "npm:^16.11.0"
    poseidon-lite: "npm:0.2.1"
    valibot: "npm:^1.2.0"
  checksum: 10c0/f58817835bec990cb26e419b460b431583d0a62bf089fdf401efcfde5d0f32b2558f89f5d987e05fb45ad014cfb8629f28f12308cb43970b7e6cad60aca410fb
  languageName: node
  linkType: hard

"@mysten/utils@npm:0.2.0":
  version: 0.2.0
  resolution: "@mysten/utils@npm:0.2.0"
  dependencies:
    "@scure/base": "npm:^1.2.6"
  checksum: 10c0/016b8dca513ba268f6d48137fad2298bea009e2ead3bdfed90350651a8c95ff2b9eb7141ee7176e28a57565033410de2fbc8004bcd9fafc8679e6b1a743328a9
  languageName: node
  linkType: hard

"@noble/curves@npm:=1.9.4":
  version: 1.9.4
  resolution: "@noble/curves@npm:1.9.4"
  dependencies:
    "@noble/hashes": "npm:1.8.0"
  checksum: 10c0/c5ac42bf0c4ac822ee7c107f7b5647140a4209bce6929cdf21a38bc575be8aa91c130c4d4bea5a8a3100c53728fc0c6757382f005779cd14b10ea9a00f1a4592
  languageName: node
  linkType: hard

"@noble/curves@npm:~1.9.0":
  version: 1.9.7
  resolution: "@noble/curves@npm:1.9.7"
  dependencies:
    "@noble/hashes": "npm:1.8.0"
  checksum: 10c0/150014751ebe8ca06a8654ca2525108452ea9ee0be23430332769f06808cddabfe84f248b6dbf836916bc869c27c2092957eec62c7506d68a1ed0a624017c2a3
  languageName: node
  linkType: hard

"@noble/hashes@npm:1.8.0, @noble/hashes@npm:^1.8.0, @noble/hashes@npm:~1.8.0":
  version: 1.8.0
  resolution: "@noble/hashes@npm:1.8.0"
  checksum: 10c0/06a0b52c81a6fa7f04d67762e08b2c476a00285858150caeaaff4037356dd5e119f45b2a530f638b77a5eeca013168ec1b655db41bae3236cb2e9d511484fc77
  languageName: node
  linkType: hard

"@protobuf-ts/grpcweb-transport@npm:^2.11.1":
  version: 2.11.1
  resolution: "@protobuf-ts/grpcweb-transport@npm:2.11.1"
  dependencies:
    "@protobuf-ts/runtime": "npm:^2.11.1"
    "@protobuf-ts/runtime-rpc": "npm:^2.11.1"
  checksum: 10c0/5d3d23cab51cf1572dfe2bc787981903254c71420943a2b2bdce9d5417291d7001b8ec64fbde7c93448382bb0909ebbf511712fb4bcd92074ce8240d669e23e3
  languageName: node
  linkType: hard

"@protobuf-ts/runtime-rpc@npm:^2.11.1":
  version: 2.11.1
  resolution: "@protobuf-ts/runtime-rpc@npm:2.11.1"
  dependencies:
    "@protobuf-ts/runtime": "npm:^2.11.1"
  checksum: 10c0/20337ea721a619a93c3888fbbe768c8334a8ed67a759a33aefb2a5c587fff690ca8fcb8dc97f9b7590012d9f4c43a6b9020f72dd2fc57f004c26eeca93a51982
  languageName: node
  linkType: hard

"@protobuf-ts/runtime@npm:^2.11.1":
  version: 2.11.1
  resolution: "@protobuf-ts/runtime@npm:2.11.1"
  checksum: 10c0/6071c0373251e915cebb449fb7bf3254e946534edf4c4eb6e89933989a3ab5dcb148ed82cc0ea844bbc2f4346d0dc76f852c2b5f900a6bdaa35e5fb2cb4666f9
  languageName: node
  linkType: hard

"@scure/base@npm:^1.2.6, @scure/base@npm:~1.2.5":
  version: 1.2.6
  resolution: "@scure/base@npm:1.2.6"
  checksum: 10c0/49bd5293371c4e062cb6ba689c8fe3ea3981b7bb9c000400dc4eafa29f56814cdcdd27c04311c2fec34de26bc373c593a1d6ca6d754398a488d587943b7c128a
  languageName: node
  linkType: hard

"@scure/bip32@npm:^1.7.0":
  version: 1.7.0
  resolution: "@scure/bip32@npm:1.7.0"
  dependencies:
    "@noble/curves": "npm:~1.9.0"
    "@noble/hashes": "npm:~1.8.0"
    "@scure/base": "npm:~1.2.5"
  checksum: 10c0/e3d4c1f207df16abcd79babcdb74d36f89bdafc90bf02218a5140cc5cba25821d80d42957c6705f35210cc5769714ea9501d4ae34732cdd1c26c9ff182a219f7
  languageName: node
  linkType: hard

"@scure/bip39@npm:^1.6.0":
  version: 1.6.0
  resolution: "@scure/bip39@npm:1.6.0"
  dependencies:
    "@noble/hashes": "npm:~1.8.0"
    "@scure/base": "npm:~1.2.5"
  checksum: 10c0/73a54b5566a50a3f8348a5cfd74d2092efeefc485efbed83d7a7374ffd9a75defddf446e8e5ea0385e4adb49a94b8ae83c5bad3e16333af400e932f7da3aaff8
  languageName: node
  linkType: hard

"gql.tada@npm:^1.8.13":
  version: 1.9.0
  resolution: "gql.tada@npm:1.9.0"
  dependencies:
    "@0no-co/graphql.web": "npm:^1.0.5"
    "@0no-co/graphqlsp": "npm:^1.12.13"
    "@gql.tada/cli-utils": "npm:1.7.2"
    "@gql.tada/internal": "npm:1.0.8"
  peerDependencies:
    typescript: ^5.0.0
  bin:
    gql-tada: bin/cli.js
    gql.tada: bin/cli.js
  checksum: 10c0/0f16107253093c1fea4021a1c7c829906772ce685fb3f8ac74a0122a8b1b998dc1cecacfa3ea68dfd0beaa835c4a1095b8a275abf233a5002a6cbc75a9d6ce2a
  languageName: node
  linkType: hard

"graphql@npm:^15.5.0 || ^16.0.0 || ^17.0.0, graphql@npm:^16.11.0":
  version: 16.12.0
  resolution: "graphql@npm:16.12.0"
  checksum: 10c0/b6fffa4e8a4e4a9933ebe85e7470b346dbf49050c1a482fac5e03e4a1a7bed2ecd3a4c97e29f04457af929464bc5e4f2aac991090c2f320111eef26e902a5c75
  languageName: node
  linkType: hard

"poseidon-lite@npm:0.2.1":
  version: 0.2.1
  resolution: "poseidon-lite@npm:0.2.1"
  checksum: 10c0/b1da834c8e1e8db3d8d1e8bfcbac5b5b5abbd3aa65e0a80206f8dfa09c9e858b8bc8d5291596e03c8845505af7982c6c2574fe5b184ce256dc34de9ea325b466
  languageName: node
  linkType: hard

"prettier@npm:^3.3.2, prettier@npm:^3.8.0":
  version: 3.8.0
  resolution: "prettier@npm:3.8.0"
  bin:
    prettier: bin/prettier.cjs
  checksum: 10c0/8926e9c9941a293b76c2d799089d038e9f6d84fb37702fc370bedd03b3c70d7fcf507e2e3c4f151f222d81820a3b74cac5e692c955cfafe34dd0d02616ce8327
  languageName: node
  linkType: hard

"sui-dca@workspace:.":
  version: 0.0.0-use.local
  resolution: "sui-dca@workspace:."
  dependencies:
    "@biomejs/biome": "npm:^2.3.11"
    "@mysten/prettier-plugin-move": "npm:^0.3.4"
    "@mysten/sui": "npm:^1.0.0"
    prettier: "npm:^3.8.0"
  languageName: unknown
  linkType: soft

"valibot@npm:^1.2.0":
  version: 1.2.0
  resolution: "valibot@npm:1.2.0"
  peerDependencies:
    typescript: ">=5"
  peerDependenciesMeta:
    typescript:
      optional: true
  checksum: 10c0/e6897ed2008fc900380a6ce39b62bc5fca45fd5e070f70571c6380ede3ba026d0b7016230215d87f7f3d672a28dbde5a0522d39830b493fdc3dccd1a59ef4ee6
  languageName: node
  linkType: hard

"web-tree-sitter@npm:^0.20.8":
  version: 0.20.8
  resolution: "web-tree-sitter@npm:0.20.8"
  checksum: 10c0/e11570f47c39abc5f5d9130f9e138d5a8250ba875a84d899b4f3613fc3bf9a1e680848196e8333e0adbf91a1785dec62975e82053823bdab14cde57b3754a10a
  languageName: node
  linkType: hard
